PODS:
  - GCNetworkReachability (1.3.2)
  - RSInterfaceKit (0.0.63):
    - RSInterfaceKit/Alerts (= 0.0.63)
    - RSInterfaceKit/AutoLayoutHelpers (= 0.0.63)
    - RSInterfaceKit/CollectionViewWithTransitions (= 0.0.63)
    - RSInterfaceKit/FullScreenImageView (= 0.0.63)
    - RSInterfaceKit/LoadingView (= 0.0.63)
    - RSInterfaceKit/NavigationBarMenu (= 0.0.63)
    - RSInterfaceKit/PopUps (= 0.0.63)
    - RSInterfaceKit/PortraitOnlyNavigation (= 0.0.63)
    - RSInterfaceKit/RSCarouselDissolvingImageView (= 0.0.63)
    - RSInterfaceKit/RSCarouselScrollView (= 0.0.63)
    - RSInterfaceKit/RSSettings (= 0.0.63)
    - RSInterfaceKit/ZoomableImageView (= 0.0.63)
  - RSInterfaceKit/Alerts (0.0.63):
    - RSInterfaceKit/AutoLayoutHelpers
  - RSInterfaceKit/AutoLayoutHelpers (0.0.63)
  - RSInterfaceKit/CollectionViewWithTransitions (0.0.63)
  - RSInterfaceKit/FullScreenImageView (0.0.63):
    - RSInterfaceKit/ZoomableImageView
  - RSInterfaceKit/LoadingView (0.0.63):
    - RSInterfaceKit/AutoLayoutHelpers
  - RSInterfaceKit/NavigationBarMenu (0.0.63)
  - RSInterfaceKit/PopUps (0.0.63)
  - RSInterfaceKit/PortraitOnlyNavigation (0.0.63)
  - RSInterfaceKit/RSCarouselDissolvingImageView (0.0.63)
  - RSInterfaceKit/RSCarouselScrollView (0.0.63)
  - RSInterfaceKit/RSSettings (0.0.63):
    - RSInterfaceKit/AutoLayoutHelpers
  - RSInterfaceKit/ZoomableImageView (0.0.63)
  - RSMoneyMaker (0.0.11):
    - RSMoneyMaker/RSMoneyMaker-Core (= 0.0.11)
    - RSMoneyMaker/RSMoneyMaker-UI (= 0.0.11)
  - RSMoneyMaker/RSMoneyMaker-Core (0.0.11):
    - GCNetworkReachability
  - RSMoneyMaker/RSMoneyMaker-UI (0.0.11):
    - RSInterfaceKit
    - RSMoneyMaker/RSMoneyMaker-Core

DEPENDENCIES:
  - RSMoneyMaker (from `../`)

EXTERNAL SOURCES:
  RSMoneyMaker:
    :path: "../"

SPEC CHECKSUMS:
  GCNetworkReachability: 2a7dd53d362220326b3e38df68c91b3ef84418d1
  RSInterfaceKit: 607b3c3999bb895edd45d686feb5aa3d0a513f88
  RSMoneyMaker: dd2074e0ae5d830950a07d725fdff3c5c30ba8c8

PODFILE CHECKSUM: e6ea2c836fe0c14cb148c080c212f7056a98fc3e

COCOAPODS: 1.1.1
